
Microsoft Visual Studio Solution File, Format Version 12.00
# Visual Studio Version 17
VisualStudioVersion = 17.14.36401.2 d17.14
MinimumVisualStudioVersion = 10.0.40219.1
Project("{FAE04EC0-301F-11D3-BF4B-00C04F79EFBC}") = "At4", "At4.csproj", "{F5BB1362-29C9-4200-80D8-1D4587B4D7AA}"
EndProject
Global
	GlobalSection(SolutionConfigurationPlatforms) = preSolution
		Debug|Any CPU = Debug|Any CPU
		Release|Any CPU = Release|Any CPU
	EndGlobalSection
	GlobalSection(ProjectConfigurationPlatforms) = postSolution
		{F5BB1362-29C9-4200-80D8-1D4587B4D7AA}.Debug|Any CPU.ActiveCfg = Debug|Any CPU
		{F5BB1362-29C9-4200-80D8-1D4587B4D7AA}.Debug|Any CPU.Build.0 = Debug|Any CPU
		{F5BB1362-29C9-4200-80D8-1D4587B4D7AA}.Release|Any CPU.ActiveCfg = Release|Any CPU
		{F5BB1362-29C9-4200-80D8-1D4587B4D7AA}.Release|Any CPU.Build.0 = Release|Any CPU
	EndGlobalSection
	GlobalSection(SolutionProperties) = preSolution
		HideSolutionNode = FALSE
	EndGlobalSection
	GlobalSection(ExtensibilityGlobals) = postSolution
		SolutionGuid = {B377D29E-1F31-40A5-9890-DA46C414F23D}
	EndGlobalSection
EndGlobal
