
Microsoft Visual Studio Solution File, Format Version 12.00
# Visual Studio Version 17
VisualStudioVersion = 17.14.36401.2 d17.14
MinimumVisualStudioVersion = 10.0.40219.1
Project("{FAE04EC0-301F-11D3-BF4B-00C04F79EFBC}") = "At2", "At2.csproj", "{8A0EE84B-37DE-42F1-B48F-586A310B0EB7}"
EndProject
Global
	GlobalSection(SolutionConfigurationPlatforms) = preSolution
		Debug|Any CPU = Debug|Any CPU
		Release|Any CPU = Release|Any CPU
	EndGlobalSection
	GlobalSection(ProjectConfigurationPlatforms) = postSolution
		{8A0EE84B-37DE-42F1-B48F-586A310B0EB7}.Debug|Any CPU.ActiveCfg = Debug|Any CPU
		{8A0EE84B-37DE-42F1-B48F-586A310B0EB7}.Debug|Any CPU.Build.0 = Debug|Any CPU
		{8A0EE84B-37DE-42F1-B48F-586A310B0EB7}.Release|Any CPU.ActiveCfg = Release|Any CPU
		{8A0EE84B-37DE-42F1-B48F-586A310B0EB7}.Release|Any CPU.Build.0 = Release|Any CPU
	EndGlobalSection
	GlobalSection(SolutionProperties) = preSolution
		HideSolutionNode = FALSE
	EndGlobalSection
	GlobalSection(ExtensibilityGlobals) = postSolution
		SolutionGuid = {825862B9-B6CA-40B5-B8BA-A634A6F76792}
	EndGlobalSection
EndGlobal
