
Microsoft Visual Studio Solution File, Format Version 12.00
# Visual Studio Version 17
VisualStudioVersion = 17.2.32526.322
MinimumVisualStudioVersion = 10.0.40219.1
Project("{FAE04EC0-301F-11D3-BF4B-00C04F79EFBC}") = "At5", "At5\At5.csproj", "{45C55956-28CC-4E64-9519-F78A57A34E37}"
EndProject
Global
	GlobalSection(SolutionConfigurationPlatforms) = preSolution
		Debug|Any CPU = Debug|Any CPU
		Release|Any CPU = Release|Any CPU
	EndGlobalSection
	GlobalSection(ProjectConfigurationPlatforms) = postSolution
		{45C55956-28CC-4E64-9519-F78A57A34E37}.Debug|Any CPU.ActiveCfg = Debug|Any CPU
		{45C55956-28CC-4E64-9519-F78A57A34E37}.Debug|Any CPU.Build.0 = Debug|Any CPU
		{45C55956-28CC-4E64-9519-F78A57A34E37}.Release|Any CPU.ActiveCfg = Release|Any CPU
		{45C55956-28CC-4E64-9519-F78A57A34E37}.Release|Any CPU.Build.0 = Release|Any CPU
	EndGlobalSection
	GlobalSection(SolutionProperties) = preSolution
		HideSolutionNode = FALSE
	EndGlobalSection
	GlobalSection(ExtensibilityGlobals) = postSolution
		SolutionGuid = {EED75BAF-3F0E-45F0-94FF-CE6075796838}
	EndGlobalSection
EndGlobal
