
Microsoft Visual Studio Solution File, Format Version 12.00
# Visual Studio Version 17
VisualStudioVersion = 17.2.32526.322
MinimumVisualStudioVersion = 10.0.40219.1
Project("{FAE04EC0-301F-11D3-BF4B-00C04F79EFBC}") = "At3", "At3\At3.csproj", "{06838497-EC29-4E13-AA32-645F70C2DC58}"
EndProject
Global
	GlobalSection(SolutionConfigurationPlatforms) = preSolution
		Debug|Any CPU = Debug|Any CPU
		Release|Any CPU = Release|Any CPU
	EndGlobalSection
	GlobalSection(ProjectConfigurationPlatforms) = postSolution
		{06838497-EC29-4E13-AA32-645F70C2DC58}.Debug|Any CPU.ActiveCfg = Debug|Any CPU
		{06838497-EC29-4E13-AA32-645F70C2DC58}.Debug|Any CPU.Build.0 = Debug|Any CPU
		{06838497-EC29-4E13-AA32-645F70C2DC58}.Release|Any CPU.ActiveCfg = Release|Any CPU
		{06838497-EC29-4E13-AA32-645F70C2DC58}.Release|Any CPU.Build.0 = Release|Any CPU
	EndGlobalSection
	GlobalSection(SolutionProperties) = preSolution
		HideSolutionNode = FALSE
	EndGlobalSection
	GlobalSection(ExtensibilityGlobals) = postSolution
		SolutionGuid = {4E5D0E78-92BB-4C9E-89F1-3B0F2D188614}
	EndGlobalSection
EndGlobal
